<?xml version="1.0" encoding="utf-8"?>
<Project ToolsVersion="4.0" xmlns="http://schemas.microsoft.com/developer/msbuild/2003">
  <ItemGroup>
    <Filter Include="Source Files">
      <UniqueIdentifier>{4FC737F1-C7A5-4376-A066-2A32D752A2FF}</UniqueIdentifier>
      <Extensions>cpp;c;cc;cxx;def;odl;idl;hpj;bat;asm;asmx</Extensions>
    </Filter>
    <Filter Include="Header Files">
      <UniqueIdentifier>{93995380-89BD-4b04-88EB-625FBE52EBFB}</UniqueIdentifier>
      <Extensions>h;hh;hpp;hxx;hm;inl;inc;xsd</Extensions>
    </Filter>
    <Filter Include="Resource Files">
      <UniqueIdentifier>{67DA6AB6-F800-4c08-8B7A-83BB121AAD01}</UniqueIdentifier>
      <Extensions>rc;ico;cur;bmp;dlg;rc2;rct;bin;rgs;gif;jpg;jpeg;jpe;resx;tiff;tif;png;wav;mfcribbon-ms</Extensions>
    </Filter>
  </ItemGroup>
  <ItemGroup>
    <None Include="sys80b-sim-rb.ino" />
  </ItemGroup>
  <ItemGroup>
    <ClInclude Include="__vm\.sys80b-sim-rb.vsarduino.h">
      <Filter>Header Files</Filter>
    </ClInclude>
    <ClInclude Include="baseAPI.h">
      <Filter>Header Files</Filter>
    </ClInclude>
    <ClInclude Include="display.h">
      <Filter>Header Files</Filter>
    </ClInclude>
    <ClInclude Include="displFX.h">
      <Filter>Header Files</Filter>
    </ClInclude>
    <ClInclude Include="flashData.h">
      <Filter>Header Files</Filter>
    </ClInclude>
    <ClInclude Include="ledGrid.h">
      <Filter>Header Files</Filter>
    </ClInclude>
    <ClInclude Include="Light.h">
      <Filter>Header Files</Filter>
    </ClInclude>
    <ClInclude Include="LightSet.h">
      <Filter>Header Files</Filter>
    </ClInclude>
    <ClInclude Include="LightStage.h">
      <Filter>Header Files</Filter>
    </ClInclude>
    <ClInclude Include="mcp_io.h">
      <Filter>Header Files</Filter>
    </ClInclude>
    <ClInclude Include="msgOutput.h">
      <Filter>Header Files</Filter>
    </ClInclude>
    <ClInclude Include="pinGeneric.h">
      <Filter>Header Files</Filter>
    </ClInclude>
    <ClInclude Include="pinItems.h">
      <Filter>Header Files</Filter>
    </ClInclude>
    <ClInclude Include="pinSpecific.h">
      <Filter>Header Files</Filter>
    </ClInclude>
    <ClInclude Include="sdio.h">
      <Filter>Header Files</Filter>
    </ClInclude>
    <ClInclude Include="TimerTask.h">
      <Filter>Header Files</Filter>
    </ClInclude>
    <ClInclude Include="ui_menu.h">
      <Filter>Header Files</Filter>
    </ClInclude>
  </ItemGroup>
</Project>