<?xml version="1.0" encoding="utf-8"?>
<Project ToolsVersion="4.0" xmlns="http://schemas.microsoft.com/developer/msbuild/2003">
  <ItemGroup>
    <Filter Include="Source Files">
      <UniqueIdentifier>{4FC737F1-C7A5-4376-A066-2A32D752A2FF}</UniqueIdentifier>
      <Extensions>cpp;c;cc;cxx;def;odl;idl;hpj;bat;asm;asmx</Extensions>
    </Filter>
    <Filter Include="Header Files">
      <UniqueIdentifier>{93995380-89BD-4b04-88EB-625FBE52EBFB}</UniqueIdentifier>
      <Extensions>h;hh;hpp;hxx;hm;inl;inc;xsd</Extensions>
    </Filter>
    <Filter Include="Resource Files">
      <UniqueIdentifier>{67DA6AB6-F800-4c08-8B7A-83BB121AAD01}</UniqueIdentifier>
      <Extensions>rc;ico;cur;bmp;dlg;rc2;rct;bin;rgs;gif;jpg;jpeg;jpe;resx;tiff;tif;png;wav;mfcribbon-ms</Extensions>
    </Filter>
  </ItemGroup>
  <ItemGroup>
    <None Include="sys80b-sim-rb.ino" />
  </ItemGroup>
  <ItemGroup>
    <ClInclude Include="__vm\.sys80b-sim-rb.vsarduino.h">
      <Filter>Header Files</Filter>
    </ClInclude>
    <ClInclude Include="Light.h">
      <Filter>Header Files</Filter>
    </ClInclude>
    <ClInclude Include="LightGroup.h">
      <Filter>Header Files</Filter>
    </ClInclude>
    <ClInclude Include="LightSet.h">
      <Filter>Header Files</Filter>
    </ClInclude>
    <ClInclude Include="sdio.h">
      <Filter>Header Files</Filter>
    </ClInclude>
    <ClInclude Include="SolenoidSet.h">
      <Filter>Header Files</Filter>
    </ClInclude>
    <ClInclude Include="Sys80b.h">
      <Filter>Header Files</Filter>
    </ClInclude>
    <ClInclude Include="TimerSet.h">
      <Filter>Header Files</Filter>
    </ClInclude>
    <ClInclude Include="TimerTask.h">
      <Filter>Header Files</Filter>
    </ClInclude>
    <ClInclude Include="BigHouse.h">
      <Filter>Header Files</Filter>
    </ClInclude>
    <ClInclude Include="SwitchGrid8x8.h">
      <Filter>Header Files</Filter>
    </ClInclude>
    <ClInclude Include="Sys80b_Display.h">
      <Filter>Header Files</Filter>
    </ClInclude>
    <ClInclude Include="Buffer.h">
      <Filter>Header Files</Filter>
    </ClInclude>
    <ClInclude Include="TextDisplay.h">
      <Filter>Header Files</Filter>
    </ClInclude>
    <ClInclude Include="ExtTextDisplay.h">
      <Filter>Header Files</Filter>
    </ClInclude>
    <ClInclude Include="BitMappedSet.h">
      <Filter>Header Files</Filter>
    </ClInclude>
    <ClInclude Include="TestModule.h">
      <Filter>Header Files</Filter>
    </ClInclude>
    <ClInclude Include="uiMenu.h.old">
      <Filter>Header Files</Filter>
    </ClInclude>
    <ClInclude Include="Sys80b_Sensor.h">
      <Filter>Header Files</Filter>
    </ClInclude>
    <ClInclude Include="Sys80b_Actuator.h">
      <Filter>Header Files</Filter>
    </ClInclude>
    <ClInclude Include="CmdExecutor.h">
      <Filter>Header Files</Filter>
    </ClInclude>
    <ClInclude Include="PinGame.h">
      <Filter>Header Files</Filter>
    </ClInclude>
  </ItemGroup>
  <ItemGroup>
    <ClCompile Include="BigHouse.cpp">
      <Filter>Source Files</Filter>
    </ClCompile>
    <ClCompile Include="Light.cpp">
      <Filter>Source Files</Filter>
    </ClCompile>
    <ClCompile Include="LightGroup.cpp">
      <Filter>Source Files</Filter>
    </ClCompile>
    <ClCompile Include="LightSet.cpp">
      <Filter>Source Files</Filter>
    </ClCompile>
    <ClCompile Include="SolenoidSet.cpp">
      <Filter>Source Files</Filter>
    </ClCompile>
    <ClCompile Include="Sys80b.cpp">
      <Filter>Source Files</Filter>
    </ClCompile>
    <ClCompile Include="TimerSet.cpp">
      <Filter>Source Files</Filter>
    </ClCompile>
    <ClCompile Include="TimerTask.cpp">
      <Filter>Source Files</Filter>
    </ClCompile>
    <ClCompile Include="SwitchGrid8x8.cpp">
      <Filter>Source Files</Filter>
    </ClCompile>
    <ClCompile Include="Sys80b_Display.cpp">
      <Filter>Source Files</Filter>
    </ClCompile>
    <ClCompile Include="TextDisplay.cpp">
      <Filter>Source Files</Filter>
    </ClCompile>
    <ClCompile Include="ExtTextDisplay.cpp">
      <Filter>Source Files</Filter>
    </ClCompile>
    <ClCompile Include="BitMappedSet.cpp">
      <Filter>Source Files</Filter>
    </ClCompile>
    <ClCompile Include="TestModule.cpp">
      <Filter>Source Files</Filter>
    </ClCompile>
    <ClCompile Include="uiMenu.cpp.old">
      <Filter>Source Files</Filter>
    </ClCompile>
    <ClCompile Include="Sys80b_Actuator.cpp">
      <Filter>Source Files</Filter>
    </ClCompile>
    <ClCompile Include="sdio.cpp">
      <Filter>Source Files</Filter>
    </ClCompile>
    <ClCompile Include="CmdExecutor.cpp">
      <Filter>Source Files</Filter>
    </ClCompile>
    <ClCompile Include="PinGame.cpp">
      <Filter>Source Files</Filter>
    </ClCompile>
  </ItemGroup>
</Project>